%{
  "castle": {:hex, :castle, "0.3.1", "e5d4f20696d878052a23c13158e1d372b24d9b30a6ea6f52fa6063c21c5ad67e", [:mix], [{:forecastle, "~> 0.1.3", [hex: :forecastle, repo: "hexpm", optional: false]}], "hexpm", "3ee9ca04b069280ab4197fe753562958729c83b3aa08125255116a989e133835"},
  "certifi": {:hex, :certifi, "2.15.0", "0e6e882fcdaaa0a5a9f2b3db55b1394dba07e8d6d9bcad08318fb604c6839712", [:rebar3], [], "hexpm", "b147ed22ce71d72eafdad94f055165c1c182f61a2ff49df28bcc71d1d5b94a60"},
  "cowlib": {:hex, :cowlib, "2.15.0", "3c97a318a933962d1c12b96ab7c1d728267d2c523c25a5b57b0f93392b6e9e25", [:make, :rebar3], [], "hexpm", "4f00c879a64b4fe7c8fcb42a4281925e9ffdb928820b03c3ad325a617e857532"},
  "forecastle": {:hex, :forecastle, "0.1.3", "b07d217ef10799e6d6cc7e47407858e77b1a8cb248f15185534de3403de3aa42", [:mix], [], "hexpm", "07e1ffa79c56f3e0ead59f17c0163a747dafc210ca8f244a7e65a4bfa98dc96d"},
  "gun": {:hex, :gun, "2.2.0", "b8f6b7d417e277d4c2b0dc3c07dfdf892447b087f1cc1caff9c0f556b884e33d", [:make, :rebar3], [{:cowlib, ">= 2.15.0 and < 3.0.0", [hex: :cowlib, repo: "hexpm", optional: false]}], "hexpm", "76022700c64287feb4df93a1795cff6741b83fb37415c40c34c38d2a4645261a"},
  "jason": {:hex, :jason, "1.4.4", "b9226785a9aa77b6857ca22832cffa5d5011a667207eb2a0ad56adb5db443b8a", [:mix], [{:decimal, "~> 1.0 or ~> 2.0", [hex: :decimal, repo: "hexpm", optional: true]}], "hexpm", "c5eb0cab91f094599f94d55bc63409236a8ec69a21a67814529e8d5f6cc90b3b"},
  "mime": {:hex, :mime, "2.0.7", "b8d739037be7cd402aee1ba0306edfdef982687ee7e9859bee6198c1e7e2f128", [:mix], [], "hexpm", "6171188e399ee16023ffc5b76ce445eb6d9672e2e241d2df6050f3c771e80ccd"},
  "nosedrum": {:git, "https://github.com/jchristgit/nosedrum.git", "d2060bb84d4bc7c02898485a2704139fddc628f9", []},
  "nostrum": {:git, "https://github.com/Kraigie/nostrum.git", "c95d702e476513253a0eff3910fa88fb52e91602", []},
  "salchicha": {:hex, :salchicha, "0.4.0", "930cbb172701ed0adff3be0b94c9e0b197988c9a21028f2c33620f5c1982a519", [:mix], [], "hexpm", "e62a8f769f7bd873ac3335c0be79c4eb14e1b7e65e5278cfe09060d36e396bc9"},
  "sourceror": {:hex, :sourceror, "1.10.0", "38397dedbbc286966ec48c7af13e228b171332be1ad731974438c77791945ce9", [:mix], [], "hexpm", "29dbdfc92e04569c9d8e6efdc422fc1d815f4bd0055dc7c51b8800fb75c4b3f1"},
}
